
Microsoft Visual Studio Solution File, Format Version 12.00
# Visual Studio Version 17
VisualStudioVersion = 17.6.33829.357
MinimumVisualStudioVersion = 10.0.40219.1
Project("{FAE04EC0-301F-11D3-BF4B-00C04F79EFBC}") = "AsyncAwait", "AsyncAwait\AsyncAwait.csproj", "{04AFA7B7-8239-4831-BD9D-07F534FA282D}"
EndProject
Global
	GlobalSection(SolutionConfigurationPlatforms) = preSolution
		Debug|Any CPU = Debug|Any CPU
		Release|Any CPU = Release|Any CPU
	EndGlobalSection
	GlobalSection(ProjectConfigurationPlatforms) = postSolution
		{04AFA7B7-8239-4831-BD9D-07F534FA282D}.Debug|Any CPU.ActiveCfg = Debug|Any CPU
		{04AFA7B7-8239-4831-BD9D-07F534FA282D}.Debug|Any CPU.Build.0 = Debug|Any CPU
		{04AFA7B7-8239-4831-BD9D-07F534FA282D}.Release|Any CPU.ActiveCfg = Release|Any CPU
		{04AFA7B7-8239-4831-BD9D-07F534FA282D}.Release|Any CPU.Build.0 = Release|Any CPU
	EndGlobalSection
	GlobalSection(SolutionProperties) = preSolution
		HideSolutionNode = FALSE
	EndGlobalSection
	GlobalSection(ExtensibilityGlobals) = postSolution
		SolutionGuid = {F722A63F-72F4-4C57-98E3-1A81C92E75DE}
	EndGlobalSection
EndGlobal
